// !$*UTF8*$!
{
	archiveVersion = 1;
	classes = {
	};
	objectVersion = 50;
	objects = {

/* Begin PBXBuildFile section */
		0F12910721877A1600C26F7B /* .gitignore in Resources */ = {isa = PBXBuildFile; fileRef = 0F12910621877A1600C26F7B /* .gitignore */; };
		0F1C9E9E21CEDF3C00B13B27 /* Notifications.swift in Sources */ = {isa = PBXBuildFile; fileRef = 0F1C9E9D21CEDF3C00B13B27 /* Notifications.swift */; };
		0F273E3F21862EF1005D23CD /* AppDelegate.swift in Sources */ = {isa = PBXBuildFile; fileRef = 0F273E3E21862EF1005D23CD /* AppDelegate.swift */; };
		0F273E4121862EF1005D23CD /* TimerViewController.swift in Sources */ = {isa = PBXBuildFile; fileRef = 0F273E4021862EF1005D23CD /* TimerViewController.swift */; };
		0F273E4421862EF1005D23CD /* Main.storyboard in Resources */ = {isa = PBXBuildFile; fileRef = 0F273E4221862EF1005D23CD /* Main.storyboard */; };
		0F273E4621862EF6005D23CD /* Assets.xcassets in Resources */ = {isa = PBXBuildFile; fileRef = 0F273E4521862EF6005D23CD /* Assets.xcassets */; };
		0F273E4921862EF6005D23CD /* LaunchScreen.storyboard in Resources */ = {isa = PBXBuildFile; fileRef = 0F273E4721862EF6005D23CD /* LaunchScreen.storyboard */; };
		0F94982221A8574F005D6965 /* NibView.swift in Sources */ = {isa = PBXBuildFile; fileRef = 0F94982121A8574F005D6965 /* NibView.swift */; };
		0F94982421A8579B005D6965 /* CRTimerView.swift in Sources */ = {isa = PBXBuildFile; fileRef = 0F94982321A8579B005D6965 /* CRTimerView.swift */; };
		0F94982721A85822005D6965 /* Enums.swift in Sources */ = {isa = PBXBuildFile; fileRef = 0F94982621A85822005D6965 /* Enums.swift */; };
		0F94982D21A85A09005D6965 /* CRTimerView.xib in Resources */ = {isa = PBXBuildFile; fileRef = 0F94982C21A85A09005D6965 /* CRTimerView.xib */; };
		0F94982F21A8A22E005D6965 /* Colors.swift in Sources */ = {isa = PBXBuildFile; fileRef = 0F94982E21A8A22E005D6965 /* Colors.swift */; };
		0FB84C5121E51AC700CD3BF0 /* GradientView.swift in Sources */ = {isa = PBXBuildFile; fileRef = 0FB84C5021E51AC700CD3BF0 /* GradientView.swift */; };
		0FCBA19321CE662D00859CEE /* SocketViewController.swift in Sources */ = {isa = PBXBuildFile; fileRef = 0FCBA19221CE662D00859CEE /* SocketViewController.swift */; };
		0FCBA19521CEB4F000859CEE /* SocketService.swift in Sources */ = {isa = PBXBuildFile; fileRef = 0FCBA19421CEB4F000859CEE /* SocketService.swift */; };
		FBE467743B86DEE966BA0C0B /* Pods_Chronos.framework in Frameworks */ = {isa = PBXBuildFile; fileRef = 3398B64F768E67876974567B /* Pods_Chronos.framework */; };
/* End PBXBuildFile section */

/* Begin PBXFileReference section */
		0F12910621877A1600C26F7B /* .gitignore */ = {isa = PBXFileReference; lastKnownFileType = text; path = .gitignore; sourceTree = "<group>"; };
		0F1C9E9D21CEDF3C00B13B27 /* Notifications.swift */ = {isa = PBXFileReference; lastKnownFileType = sourcecode.swift; path = Notifications.swift; sourceTree = "<group>"; };
		0F273E3B21862EF1005D23CD /* Chronos.app */ = {isa = PBXFileReference; explicitFileType = wrapper.application; includeInIndex = 0; path = Chronos.app; sourceTree = BUILT_PRODUCTS_DIR; };
		0F273E3E21862EF1005D23CD /* AppDelegate.swift */ = {isa = PBXFileReference; lastKnownFileType = sourcecode.swift; path = AppDelegate.swift; sourceTree = "<group>"; };
		0F273E4021862EF1005D23CD /* TimerViewController.swift */ = {isa = PBXFileReference; lastKnownFileType = sourcecode.swift; path = TimerViewController.swift; sourceTree = "<group>"; };
		0F273E4321862EF1005D23CD /* Base */ = {isa = PBXFileReference; lastKnownFileType = file.storyboard; name = Base; path = Base.lproj/Main.storyboard; sourceTree = "<group>"; };
		0F273E4521862EF6005D23CD /* Assets.xcassets */ = {isa = PBXFileReference; lastKnownFileType = folder.assetcatalog; path = Assets.xcassets; sourceTree = "<group>"; };
		0F273E4821862EF6005D23CD /* Base */ = {isa = PBXFileReference; lastKnownFileType = file.storyboard; name = Base; path = Base.lproj/LaunchScreen.storyboard; sourceTree = "<group>"; };
		0F273E4A21862EF6005D23CD /* Info.plist */ = {isa = PBXFileReference; lastKnownFileType = text.plist.xml; path = Info.plist; sourceTree = "<group>"; };
		0F94982121A8574F005D6965 /* NibView.swift */ = {isa = PBXFileReference; lastKnownFileType = sourcecode.swift; path = NibView.swift; sourceTree = "<group>"; };
		0F94982321A8579B005D6965 /* CRTimerView.swift */ = {isa = PBXFileReference; lastKnownFileType = sourcecode.swift; path = CRTimerView.swift; sourceTree = "<group>"; };
		0F94982621A85822005D6965 /* Enums.swift */ = {isa = PBXFileReference; lastKnownFileType = sourcecode.swift; path = Enums.swift; sourceTree = "<group>"; };
		0F94982C21A85A09005D6965 /* CRTimerView.xib */ = {isa = PBXFileReference; lastKnownFileType = file.xib; path = CRTimerView.xib; sourceTree = "<group>"; };
		0F94982E21A8A22E005D6965 /* Colors.swift */ = {isa = PBXFileReference; lastKnownFileType = sourcecode.swift; path = Colors.swift; sourceTree = "<group>"; };
		0FB84C5021E51AC700CD3BF0 /* GradientView.swift */ = {isa = PBXFileReference; lastKnownFileType = sourcecode.swift; path = GradientView.swift; sourceTree = "<group>"; };
		0FCBA19221CE662D00859CEE /* SocketViewController.swift */ = {isa = PBXFileReference; lastKnownFileType = sourcecode.swift; path = SocketViewController.swift; sourceTree = "<group>"; };
		0FCBA19421CEB4F000859CEE /* SocketService.swift */ = {isa = PBXFileReference; lastKnownFileType = sourcecode.swift; path = SocketService.swift; sourceTree = "<group>"; };
		19354A38E15251C0BB9F4114 /* Pods-Chronos.debug.xcconfig */ = {isa = PBXFileReference; includeInIndex = 1; lastKnownFileType = text.xcconfig; name = "Pods-Chronos.debug.xcconfig"; path = "Pods/Target Support Files/Pods-Chronos/Pods-Chronos.debug.xcconfig"; sourceTree = "<group>"; };
		19CEABF4CF2EDF35239874A0 /* Pods-Chronos.release.xcconfig */ = {isa = PBXFileReference; includeInIndex = 1; lastKnownFileType = text.xcconfig; name = "Pods-Chronos.release.xcconfig"; path = "Pods/Target Support Files/Pods-Chronos/Pods-Chronos.release.xcconfig"; sourceTree = "<group>"; };
		3398B64F768E67876974567B /* Pods_Chronos.framework */ = {isa = PBXFileReference; explicitFileType = wrapper.framework; includeInIndex = 0; path = Pods_Chronos.framework; sourceTree = BUILT_PRODUCTS_DIR; };
/* End PBXFileReference section */

/* Begin PBXFrameworksBuildPhase section */
		0F273E3821862EF1005D23CD /* Frameworks */ = {
			isa = PBXFrameworksBuildPhase;
			buildActionMask = 2147483647;
			files = (
				FBE467743B86DEE966BA0C0B /* Pods_Chronos.framework in Frameworks */,
			);
			runOnlyForDeploymentPostprocessing = 0;
		};
/* End PBXFrameworksBuildPhase section */

/* Begin PBXGroup section */
		0F273E3221862EF1005D23CD = {
			isa = PBXGroup;
			children = (
				0F12910621877A1600C26F7B /* .gitignore */,
				0F273E3D21862EF1005D23CD /* Chronos */,
				0F273E3C21862EF1005D23CD /* Products */,
				9C62F010622AC6C492D9EA9D /* Pods */,
				41649C65147857EB109ED98B /* Frameworks */,
			);
			sourceTree = "<group>";
		};
		0F273E3C21862EF1005D23CD /* Products */ = {
			isa = PBXGroup;
			children = (
				0F273E3B21862EF1005D23CD /* Chronos.app */,
			);
			name = Products;
			sourceTree = "<group>";
		};
		0F273E3D21862EF1005D23CD /* Chronos */ = {
			isa = PBXGroup;
			children = (
				0F273E3E21862EF1005D23CD /* AppDelegate.swift */,
				0F94982521A85811005D6965 /* Constants */,
				0F94982921A85995005D6965 /* Models */,
				0F94982821A8598E005D6965 /* Controllers */,
				0F94982A21A859A2005D6965 /* Views */,
				0F273E4221862EF1005D23CD /* Main.storyboard */,
				0F273E4521862EF6005D23CD /* Assets.xcassets */,
				0F273E4721862EF6005D23CD /* LaunchScreen.storyboard */,
				0F273E4A21862EF6005D23CD /* Info.plist */,
			);
			path = Chronos;
			sourceTree = "<group>";
		};
		0F94982521A85811005D6965 /* Constants */ = {
			isa = PBXGroup;
			children = (
				0F94982621A85822005D6965 /* Enums.swift */,
				0F94982E21A8A22E005D6965 /* Colors.swift */,
				0F1C9E9D21CEDF3C00B13B27 /* Notifications.swift */,
			);
			path = Constants;
			sourceTree = "<group>";
		};
		0F94982821A8598E005D6965 /* Controllers */ = {
			isa = PBXGroup;
			children = (
				0F273E4021862EF1005D23CD /* TimerViewController.swift */,
				0FCBA19221CE662D00859CEE /* SocketViewController.swift */,
				0FCBA19421CEB4F000859CEE /* SocketService.swift */,
			);
			path = Controllers;
			sourceTree = "<group>";
		};
		0F94982921A85995005D6965 /* Models */ = {
			isa = PBXGroup;
			children = (
			);
			path = Models;
			sourceTree = "<group>";
		};
		0F94982A21A859A2005D6965 /* Views */ = {
			isa = PBXGroup;
			children = (
				0F94982321A8579B005D6965 /* CRTimerView.swift */,
				0FB84C5021E51AC700CD3BF0 /* GradientView.swift */,
				0F94982B21A859AA005D6965 /* xib */,
				0F94982121A8574F005D6965 /* NibView.swift */,
			);
			path = Views;
			sourceTree = "<group>";
		};
		0F94982B21A859AA005D6965 /* xib */ = {
			isa = PBXGroup;
			children = (
				0F94982C21A85A09005D6965 /* CRTimerView.xib */,
			);
			path = xib;
			sourceTree = "<group>";
		};
		41649C65147857EB109ED98B /* Frameworks */ = {
			isa = PBXGroup;
			children = (
				3398B64F768E67876974567B /* Pods_Chronos.framework */,
			);
			name = Frameworks;
			sourceTree = "<group>";
		};
		9C62F010622AC6C492D9EA9D /* Pods */ = {
			isa = PBXGroup;
			children = (
				19354A38E15251C0BB9F4114 /* Pods-Chronos.debug.xcconfig */,
				19CEABF4CF2EDF35239874A0 /* Pods-Chronos.release.xcconfig */,
			);
			name = Pods;
			sourceTree = "<group>";
		};
/* End PBXGroup section */

/* Begin PBXNativeTarget section */
		0F273E3A21862EF1005D23CD /* Chronos */ = {
			isa = PBXNativeTarget;
			buildConfigurationList = 0F273E4D21862EF6005D23CD /* Build configuration list for PBXNativeTarget "Chronos" */;
			buildPhases = (
				94B12ED01D93B20BB8756CEB /* [CP] Check Pods Manifest.lock */,
				0F273E3721862EF1005D23CD /* Sources */,
				0F273E3821862EF1005D23CD /* Frameworks */,
				0F273E3921862EF1005D23CD /* Resources */,
				DA5EB5FD39C0435E3DF55D2B /* [CP] Embed Pods Frameworks */,
			);
			buildRules = (
			);
			dependencies = (
			);
			name = Chronos;
			productName = Chronos;
			productReference = 0F273E3B21862EF1005D23CD /* Chronos.app */;
			productType = "com.apple.product-type.application";
		};
/* End PBXNativeTarget section */

/* Begin PBXProject section */
		0F273E3321862EF1005D23CD /* Project object */ = {
			isa = PBXProject;
			attributes = {
				LastSwiftUpdateCheck = 1000;
				LastUpgradeCheck = 1000;
				ORGANIZATIONNAME = "Yanki Insel";
				TargetAttributes = {
					0F273E3A21862EF1005D23CD = {
						CreatedOnToolsVersion = 10.0;
					};
				};
			};
			buildConfigurationList = 0F273E3621862EF1005D23CD /* Build configuration list for PBXProject "Chronos" */;
			compatibilityVersion = "Xcode 9.3";
			developmentRegion = en;
			hasScannedForEncodings = 0;
			knownRegions = (
				en,
				Base,
			);
			mainGroup = 0F273E3221862EF1005D23CD;
			productRefGroup = 0F273E3C21862EF1005D23CD /* Products */;
			projectDirPath = "";
			projectRoot = "";
			targets = (
				0F273E3A21862EF1005D23CD /* Chronos */,
			);
		};
/* End PBXProject section */

/* Begin PBXResourcesBuildPhase section */
		0F273E3921862EF1005D23CD /* Resources */ = {
			isa = PBXResourcesBuildPhase;
			buildActionMask = 2147483647;
			files = (
				0F12910721877A1600C26F7B /* .gitignore in Resources */,
				0F273E4921862EF6005D23CD /* LaunchScreen.storyboard in Resources */,
				0F273E4621862EF6005D23CD /* Assets.xcassets in Resources */,
				0F273E4421862EF1005D23CD /* Main.storyboard in Resources */,
				0F94982D21A85A09005D6965 /* CRTimerView.xib in Resources */,
			);
			runOnlyForDeploymentPostprocessing = 0;
		};
/* End PBXResourcesBuildPhase section */

/* Begin PBXShellScriptBuildPhase section */
		94B12ED01D93B20BB8756CEB /* [CP] Check Pods Manifest.lock */ = {
			isa = PBXShellScriptBuildPhase;
			buildActionMask = 2147483647;
			files = (
			);
			inputPaths = (
				"${PODS_PODFILE_DIR_PATH}/Podfile.lock",
				"${PODS_ROOT}/Manifest.lock",
			);
			name = "[CP] Check Pods Manifest.lock";
			outputPaths = (
				"$(DERIVED_FILE_DIR)/Pods-Chronos-checkManifestLockResult.txt",
			);
			runOnlyForDeploymentPostprocessing = 0;
			shellPath = /bin/sh;
			shellScript = "diff \"${PODS_PODFILE_DIR_PATH}/Podfile.lock\" \"${PODS_ROOT}/Manifest.lock\" > /dev/null\nif [ $? != 0 ] ; then\n    # print error to STDERR\n    echo \"error: The sandbox is not in sync with the Podfile.lock. Run 'pod install' or update your CocoaPods installation.\" >&2\n    exit 1\nfi\n# This output is used by Xcode 'outputs' to avoid re-running this script phase.\necho \"SUCCESS\" > \"${SCRIPT_OUTPUT_FILE_0}\"\n";
			showEnvVarsInLog = 0;
		};
		DA5EB5FD39C0435E3DF55D2B /* [CP] Embed Pods Frameworks */ = {
			isa = PBXShellScriptBuildPhase;
			buildActionMask = 2147483647;
			files = (
			);
			inputPaths = (
				"${SRCROOT}/Pods/Target Support Files/Pods-Chronos/Pods-Chronos-frameworks.sh",
				"${BUILT_PRODUCTS_DIR}/IQKeyboardManagerSwift/IQKeyboardManagerSwift.framework",
				"${BUILT_PRODUCTS_DIR}/Material/Material.framework",
				"${BUILT_PRODUCTS_DIR}/Motion/Motion.framework",
				"${BUILT_PRODUCTS_DIR}/Socket.IO-Client-Swift/SocketIO.framework",
				"${BUILT_PRODUCTS_DIR}/Starscream/Starscream.framework",
			);
			name = "[CP] Embed Pods Frameworks";
			outputPaths = (
				"${TARGET_BUILD_DIR}/${FRAMEWORKS_FOLDER_PATH}/IQKeyboardManagerSwift.framework",
				"${TARGET_BUILD_DIR}/${FRAMEWORKS_FOLDER_PATH}/Material.framework",
				"${TARGET_BUILD_DIR}/${FRAMEWORKS_FOLDER_PATH}/Motion.framework",
				"${TARGET_BUILD_DIR}/${FRAMEWORKS_FOLDER_PATH}/SocketIO.framework",
				"${TARGET_BUILD_DIR}/${FRAMEWORKS_FOLDER_PATH}/Starscream.framework",
			);
			runOnlyForDeploymentPostprocessing = 0;
			shellPath = /bin/sh;
			shellScript = "\"${SRCROOT}/Pods/Target Support Files/Pods-Chronos/Pods-Chronos-frameworks.sh\"\n";
			showEnvVarsInLog = 0;
		};
/* End PBXShellScriptBuildPhase section */

/* Begin PBXSourcesBuildPhase section */
		0F273E3721862EF1005D23CD /* Sources */ = {
			isa = PBXSourcesBuildPhase;
			buildActionMask = 2147483647;
			files = (
				0FCBA19321CE662D00859CEE /* SocketViewController.swift in Sources */,
				0F273E4121862EF1005D23CD /* TimerViewController.swift in Sources */,
				0FB84C5121E51AC700CD3BF0 /* GradientView.swift in Sources */,
				0FCBA19521CEB4F000859CEE /* SocketService.swift in Sources */,
				0F1C9E9E21CEDF3C00B13B27 /* Notifications.swift in Sources */,
				0F94982F21A8A22E005D6965 /* Colors.swift in Sources */,
				0F273E3F21862EF1005D23CD /* AppDelegate.swift in Sources */,
				0F94982721A85822005D6965 /* Enums.swift in Sources */,
				0F94982421A8579B005D6965 /* CRTimerView.swift in Sources */,
				0F94982221A8574F005D6965 /* NibView.swift in Sources */,
			);
			runOnlyForDeploymentPostprocessing = 0;
		};
/* End PBXSourcesBuildPhase section */

/* Begin PBXVariantGroup section */
		0F273E4221862EF1005D23CD /* Main.storyboard */ = {
			isa = PBXVariantGroup;
			children = (
				0F273E4321862EF1005D23CD /* Base */,
			);
			name = Main.storyboard;
			sourceTree = "<group>";
		};
		0F273E4721862EF6005D23CD /* LaunchScreen.storyboard */ = {
			isa = PBXVariantGroup;
			children = (
				0F273E4821862EF6005D23CD /* Base */,
			);
			name = LaunchScreen.storyboard;
			sourceTree = "<group>";
		};
/* End PBXVariantGroup section */

/* Begin XCBuildConfiguration section */
		0F273E4B21862EF6005D23CD /* Debug */ = {
			isa = XCBuildConfiguration;
			buildSettings = {
				ALWAYS_SEARCH_USER_PATHS = NO;
				CLANG_ANALYZER_NONNULL = YES;
				CLANG_ANALYZER_NUMBER_OBJECT_CONVERSION = YES_AGGRESSIVE;
				CLANG_CXX_LANGUAGE_STANDARD = "gnu++14";
				CLANG_CXX_LIBRARY = "libc++";
				CLANG_ENABLE_MODULES = YES;
				CLANG_ENABLE_OBJC_ARC = YES;
				CLANG_ENABLE_OBJC_WEAK = YES;
				CLANG_WARN_BLOCK_CAPTURE_AUTORELEASING = YES;
				CLANG_WARN_BOOL_CONVERSION = YES;
				CLANG_WARN_COMMA = YES;
				CLANG_WARN_CONSTANT_CONVERSION = YES;
				CLANG_WARN_DEPRECATED_OBJC_IMPLEMENTATIONS = YES;
				CLANG_WARN_DIRECT_OBJC_ISA_USAGE = YES_ERROR;
				CLANG_WARN_DOCUMENTATION_COMMENTS = YES;
				CLANG_WARN_EMPTY_BODY = YES;
				CLANG_WARN_ENUM_CONVERSION = YES;
				CLANG_WARN_INFINITE_RECURSION = YES;
				CLANG_WARN_INT_CONVERSION = YES;
				CLANG_WARN_NON_LITERAL_NULL_CONVERSION = YES;
				CLANG_WARN_OBJC_IMPLICIT_RETAIN_SELF = YES;
				CLANG_WARN_OBJC_LITERAL_CONVERSION = YES;
				CLANG_WARN_OBJC_ROOT_CLASS = YES_ERROR;
				CLANG_WARN_RANGE_LOOP_ANALYSIS = YES;
				CLANG_WARN_STRICT_PROTOTYPES = YES;
				CLANG_WARN_SUSPICIOUS_MOVE = YES;
				CLANG_WARN_UNGUARDED_AVAILABILITY = YES_AGGRESSIVE;
				CLANG_WARN_UNREACHABLE_CODE = YES;
				CLANG_WARN__DUPLICATE_METHOD_MATCH = YES;
				CODE_SIGN_IDENTITY = "iPhone Developer";
				COPY_PHASE_STRIP = NO;
				DEBUG_INFORMATION_FORMAT = dwarf;
				ENABLE_STRICT_OBJC_MSGSEND = YES;
				ENABLE_TESTABILITY = YES;
				GCC_C_LANGUAGE_STANDARD = gnu11;
				GCC_DYNAMIC_NO_PIC = NO;
				GCC_NO_COMMON_BLOCKS = YES;
				GCC_OPTIMIZATION_LEVEL = 0;
				GCC_PREPROCESSOR_DEFINITIONS = (
					"DEBUG=1",
					"$(inherited)",
				);
				GCC_WARN_64_TO_32_BIT_CONVERSION = YES;
				GCC_WARN_ABOUT_RETURN_TYPE = YES_ERROR;
				GCC_WARN_UNDECLARED_SELECTOR = YES;
				GCC_WARN_UNINITIALIZED_AUTOS = YES_AGGRESSIVE;
				GCC_WARN_UNUSED_FUNCTION = YES;
				GCC_WARN_UNUSED_VARIABLE = YES;
				IPHONEOS_DEPLOYMENT_TARGET = 12.0;
				MTL_ENABLE_DEBUG_INFO = INCLUDE_SOURCE;
				MTL_FAST_MATH = YES;
				ONLY_ACTIVE_ARCH = YES;
				SDKROOT = iphoneos;
				SWIFT_ACTIVE_COMPILATION_CONDITIONS = DEBUG;
				SWIFT_OPTIMIZATION_LEVEL = "-Onone";
			};
			name = Debug;
		};
		0F273E4C21862EF6005D23CD /* Release */ = {
			isa = XCBuildConfiguration;
			buildSettings = {
				ALWAYS_SEARCH_USER_PATHS = NO;
				CLANG_ANALYZER_NONNULL = YES;
				CLANG_ANALYZER_NUMBER_OBJECT_CONVERSION = YES_AGGRESSIVE;
				CLANG_CXX_LANGUAGE_STANDARD = "gnu++14";
				CLANG_CXX_LIBRARY = "libc++";
				CLANG_ENABLE_MODULES = YES;
				CLANG_ENABLE_OBJC_ARC = YES;
				CLANG_ENABLE_OBJC_WEAK = YES;
				CLANG_WARN_BLOCK_CAPTURE_AUTORELEASING = YES;
				CLANG_WARN_BOOL_CONVERSION = YES;
				CLANG_WARN_COMMA = YES;
				CLANG_WARN_CONSTANT_CONVERSION = YES;
				CLANG_WARN_DEPRECATED_OBJC_IMPLEMENTATIONS = YES;
				CLANG_WARN_DIRECT_OBJC_ISA_USAGE = YES_ERROR;
				CLANG_WARN_DOCUMENTATION_COMMENTS = YES;
				CLANG_WARN_EMPTY_BODY = YES;
				CLANG_WARN_ENUM_CONVERSION = YES;
				CLANG_WARN_INFINITE_RECURSION = YES;
				CLANG_WARN_INT_CONVERSION = YES;
				CLANG_WARN_NON_LITERAL_NULL_CONVERSION = YES;
				CLANG_WARN_OBJC_IMPLICIT_RETAIN_SELF = YES;
				CLANG_WARN_OBJC_LITERAL_CONVERSION = YES;
				CLANG_WARN_OBJC_ROOT_CLASS = YES_ERROR;
				CLANG_WARN_RANGE_LOOP_ANALYSIS = YES;
				CLANG_WARN_STRICT_PROTOTYPES = YES;
				CLANG_WARN_SUSPICIOUS_MOVE = YES;
				CLANG_WARN_UNGUARDED_AVAILABILITY = YES_AGGRESSIVE;
				CLANG_WARN_UNREACHABLE_CODE = YES;
				CLANG_WARN__DUPLICATE_METHOD_MATCH = YES;
				CODE_SIGN_IDENTITY = "iPhone Developer";
				COPY_PHASE_STRIP = NO;
				DEBUG_INFORMATION_FORMAT = "dwarf-with-dsym";
				ENABLE_NS_ASSERTIONS = NO;
				ENABLE_STRICT_OBJC_MSGSEND = YES;
				GCC_C_LANGUAGE_STANDARD = gnu11;
				GCC_NO_COMMON_BLOCKS = YES;
				GCC_WARN_64_TO_32_BIT_CONVERSION = YES;
				GCC_WARN_ABOUT_RETURN_TYPE = YES_ERROR;
				GCC_WARN_UNDECLARED_SELECTOR = YES;
				GCC_WARN_UNINITIALIZED_AUTOS = YES_AGGRESSIVE;
				GCC_WARN_UNUSED_FUNCTION = YES;
				GCC_WARN_UNUSED_VARIABLE = YES;
				IPHONEOS_DEPLOYMENT_TARGET = 12.0;
				MTL_ENABLE_DEBUG_INFO = NO;
				MTL_FAST_MATH = YES;
				SDKROOT = iphoneos;
				SWIFT_COMPILATION_MODE = wholemodule;
				SWIFT_OPTIMIZATION_LEVEL = "-O";
				VALIDATE_PRODUCT = YES;
			};
			name = Release;
		};
		0F273E4E21862EF6005D23CD /* Debug */ = {
			isa = XCBuildConfiguration;
			baseConfigurationReference = 19354A38E15251C0BB9F4114 /* Pods-Chronos.debug.xcconfig */;
			buildSettings = {
				ASSETCATALOG_COMPILER_APPICON_NAME = AppIcon;
				CODE_SIGN_STYLE = Automatic;
				DEVELOPMENT_TEAM = H37F2SW7UJ;
				INFOPLIST_FILE = Chronos/Info.plist;
				LD_RUNPATH_SEARCH_PATHS = (
					"$(inherited)",
					"@executable_path/Frameworks",
				);
				PRODUCT_BUNDLE_IDENTIFIER = com.yankiinsel.Chronos;
				PRODUCT_NAME = "$(TARGET_NAME)";
				SWIFT_VERSION = 4.2;
				TARGETED_DEVICE_FAMILY = "1,2";
			};
			name = Debug;
		};
		0F273E4F21862EF6005D23CD /* Release */ = {
			isa = XCBuildConfiguration;
			baseConfigurationReference = 19CEABF4CF2EDF35239874A0 /* Pods-Chronos.release.xcconfig */;
			buildSettings = {
				ASSETCATALOG_COMPILER_APPICON_NAME = AppIcon;
				CODE_SIGN_STYLE = Automatic;
				DEVELOPMENT_TEAM = H37F2SW7UJ;
				INFOPLIST_FILE = Chronos/Info.plist;
				LD_RUNPATH_SEARCH_PATHS = (
					"$(inherited)",
					"@executable_path/Frameworks",
				);
				PRODUCT_BUNDLE_IDENTIFIER = com.yankiinsel.Chronos;
				PRODUCT_NAME = "$(TARGET_NAME)";
				SWIFT_VERSION = 4.2;
				TARGETED_DEVICE_FAMILY = "1,2";
			};
			name = Release;
		};
/* End XCBuildConfiguration section */

/* Begin XCConfigurationList section */
		0F273E3621862EF1005D23CD /* Build configuration list for PBXProject "Chronos" */ = {
			isa = XCConfigurationList;
			buildConfigurations = (
				0F273E4B21862EF6005D23CD /* Debug */,
				0F273E4C21862EF6005D23CD /* Release */,
			);
			defaultConfigurationIsVisible = 0;
			defaultConfigurationName = Release;
		};
		0F273E4D21862EF6005D23CD /* Build configuration list for PBXNativeTarget "Chronos" */ = {
			isa = XCConfigurationList;
			buildConfigurations = (
				0F273E4E21862EF6005D23CD /* Debug */,
				0F273E4F21862EF6005D23CD /* Release */,
			);
			defaultConfigurationIsVisible = 0;
			defaultConfigurationName = Release;
		};
/* End XCConfigurationList section */
	};
	rootObject = 0F273E3321862EF1005D23CD /* Project object */;
}
